
Microsoft Visual Studio Solution File, Format Version 12.00
# Visual Studio Version 16
VisualStudioVersion = 16.0.31321.278
MinimumVisualStudioVersion = 10.0.40219.1
Project("{FAE04EC0-301F-11D3-BF4B-00C04F79EFBC}") = "Fuel", "Fuel\Fuel.csproj", "{0FEE52D3-531D-4750-8E85-94741325072C}"
EndProject
Global
	GlobalSection(SolutionConfigurationPlatforms) = preSolution
		Debug|Any CPU = Debug|Any CPU
		Release|Any CPU = Release|Any CPU
	EndGlobalSection
	GlobalSection(ProjectConfigurationPlatforms) = postSolution
		{0FEE52D3-531D-4750-8E85-94741325072C}.Debug|Any CPU.ActiveCfg = Debug|Any CPU
		{0FEE52D3-531D-4750-8E85-94741325072C}.Debug|Any CPU.Build.0 = Debug|Any CPU
		{0FEE52D3-531D-4750-8E85-94741325072C}.Release|Any CPU.ActiveCfg = Release|Any CPU
		{0FEE52D3-531D-4750-8E85-94741325072C}.Release|Any CPU.Build.0 = Release|Any CPU
	EndGlobalSection
	GlobalSection(SolutionProperties) = preSolution
		HideSolutionNode = FALSE
	EndGlobalSection
	GlobalSection(ExtensibilityGlobals) = postSolution
		SolutionGuid = {E5C1D047-FBDA-4D13-8041-AE91BA130BF7}
	EndGlobalSection
EndGlobal
